
Microsoft Visual Studio Solution File, Format Version 12.00
# Visual Studio Version 17
VisualStudioVersion = 17.14.36301.6 d17.14
MinimumVisualStudioVersion = 10.0.40219.1
Project("{FAE04EC0-301F-11D3-BF4B-00C04F79EFBC}") = "ToyStore11Api", "ToyStore11Api\ToyStore11Api.csproj", "{43F785B7-C71B-4B01-ACAA-0A337F02FBB6}"
EndProject
Global
	GlobalSection(SolutionConfigurationPlatforms) = preSolution
		Debug|Any CPU = Debug|Any CPU
		Release|Any CPU = Release|Any CPU
	EndGlobalSection
	GlobalSection(ProjectConfigurationPlatforms) = postSolution
		{43F785B7-C71B-4B01-ACAA-0A337F02FBB6}.Debug|Any CPU.ActiveCfg = Debug|Any CPU
		{43F785B7-C71B-4B01-ACAA-0A337F02FBB6}.Debug|Any CPU.Build.0 = Debug|Any CPU
		{43F785B7-C71B-4B01-ACAA-0A337F02FBB6}.Release|Any CPU.ActiveCfg = Release|Any CPU
		{43F785B7-C71B-4B01-ACAA-0A337F02FBB6}.Release|Any CPU.Build.0 = Release|Any CPU
	EndGlobalSection
	GlobalSection(SolutionProperties) = preSolution
		HideSolutionNode = FALSE
	EndGlobalSection
	GlobalSection(ExtensibilityGlobals) = postSolution
		SolutionGuid = {3A3D8BE4-1B6F-49A1-B87E-C173FD3E612B}
	EndGlobalSection
EndGlobal
