
Microsoft Visual Studio Solution File, Format Version 12.00
# Visual Studio Version 17
VisualStudioVersion = 17.14.36301.6 d17.14
MinimumVisualStudioVersion = 10.0.40219.1
Project("{FAE04EC0-301F-11D3-BF4B-00C04F79EFBC}") = "KafkaChatPublisher", "KafkaChatPublisher\KafkaChatPublisher.csproj", "{A5AD741F-8F34-4B92-B84C-259DE97F0644}"
EndProject
Global
	GlobalSection(SolutionConfigurationPlatforms) = preSolution
		Debug|Any CPU = Debug|Any CPU
		Release|Any CPU = Release|Any CPU
	EndGlobalSection
	GlobalSection(ProjectConfigurationPlatforms) = postSolution
		{A5AD741F-8F34-4B92-B84C-259DE97F0644}.Debug|Any CPU.ActiveCfg = Debug|Any CPU
		{A5AD741F-8F34-4B92-B84C-259DE97F0644}.Debug|Any CPU.Build.0 = Debug|Any CPU
		{A5AD741F-8F34-4B92-B84C-259DE97F0644}.Release|Any CPU.ActiveCfg = Release|Any CPU
		{A5AD741F-8F34-4B92-B84C-259DE97F0644}.Release|Any CPU.Build.0 = Release|Any CPU
	EndGlobalSection
	GlobalSection(SolutionProperties) = preSolution
		HideSolutionNode = FALSE
	EndGlobalSection
	GlobalSection(ExtensibilityGlobals) = postSolution
		SolutionGuid = {C446D2FD-F103-4E73-B3A1-51CEA3841995}
	EndGlobalSection
EndGlobal
