
Microsoft Visual Studio Solution File, Format Version 12.00
# Visual Studio Version 17
VisualStudioVersion = 17.14.36212.18 d17.14
MinimumVisualStudioVersion = 10.0.40219.1
Project("{FAE04EC0-301F-11D3-BF4B-00C04F79EFBC}") = "SingletonPatternExample", "SingletonPatternExample\SingletonPatternExample.csproj", "{C2F04A8F-B8E3-40A0-BD64-46BCB0ED52B5}"
EndProject
Global
	GlobalSection(SolutionConfigurationPlatforms) = preSolution
		Debug|Any CPU = Debug|Any CPU
		Release|Any CPU = Release|Any CPU
	EndGlobalSection
	GlobalSection(ProjectConfigurationPlatforms) = postSolution
		{C2F04A8F-B8E3-40A0-BD64-46BCB0ED52B5}.Debug|Any CPU.ActiveCfg = Debug|Any CPU
		{C2F04A8F-B8E3-40A0-BD64-46BCB0ED52B5}.Debug|Any CPU.Build.0 = Debug|Any CPU
		{C2F04A8F-B8E3-40A0-BD64-46BCB0ED52B5}.Release|Any CPU.ActiveCfg = Release|Any CPU
		{C2F04A8F-B8E3-40A0-BD64-46BCB0ED52B5}.Release|Any CPU.Build.0 = Release|Any CPU
	EndGlobalSection
	GlobalSection(SolutionProperties) = preSolution
		HideSolutionNode = FALSE
	EndGlobalSection
	GlobalSection(ExtensibilityGlobals) = postSolution
		SolutionGuid = {CEB20B56-6034-4CBB-8697-27609CF7D7B0}
	EndGlobalSection
EndGlobal
