
Microsoft Visual Studio Solution File, Format Version 12.00
# Visual Studio Version 17
VisualStudioVersion = 17.14.36301.6 d17.14
MinimumVisualStudioVersion = 10.0.40219.1
Project("{FAE04EC0-301F-11D3-BF4B-00C04F79EFBC}") = "EmployeeApiProject", "EmployeeApiProject\EmployeeApiProject.csproj", "{F11571E7-9A2B-47CB-8D69-F438B620152A}"
EndProject
Global
	GlobalSection(SolutionConfigurationPlatforms) = preSolution
		Debug|Any CPU = Debug|Any CPU
		Release|Any CPU = Release|Any CPU
	EndGlobalSection
	GlobalSection(ProjectConfigurationPlatforms) = postSolution
		{F11571E7-9A2B-47CB-8D69-F438B620152A}.Debug|Any CPU.ActiveCfg = Debug|Any CPU
		{F11571E7-9A2B-47CB-8D69-F438B620152A}.Debug|Any CPU.Build.0 = Debug|Any CPU
		{F11571E7-9A2B-47CB-8D69-F438B620152A}.Release|Any CPU.ActiveCfg = Release|Any CPU
		{F11571E7-9A2B-47CB-8D69-F438B620152A}.Release|Any CPU.Build.0 = Release|Any CPU
	EndGlobalSection
	GlobalSection(SolutionProperties) = preSolution
		HideSolutionNode = FALSE
	EndGlobalSection
	GlobalSection(ExtensibilityGlobals) = postSolution
		SolutionGuid = {B0535C15-02CA-449D-B63A-8936B2B7E02F}
	EndGlobalSection
EndGlobal
